
Microsoft Visual Studio Solution File, Format Version 12.00
# Visual Studio Version 17
VisualStudioVersion = 17.11.35312.102
MinimumVisualStudioVersion = 10.0.40219.1
Project("{FAE04EC0-301F-11D3-BF4B-00C04F79EFBC}") = "6.3lab1", "6.3lab1\6.3lab1.csproj", "{BF3C7644-2079-4A1E-8EAD-B0E03D3FC6D6}"
EndProject
Global
	GlobalSection(SolutionConfigurationPlatforms) = preSolution
		Debug|Any CPU = Debug|Any CPU
		Release|Any CPU = Release|Any CPU
	EndGlobalSection
	GlobalSection(ProjectConfigurationPlatforms) = postSolution
		{BF3C7644-2079-4A1E-8EAD-B0E03D3FC6D6}.Debug|Any CPU.ActiveCfg = Debug|Any CPU
		{BF3C7644-2079-4A1E-8EAD-B0E03D3FC6D6}.Debug|Any CPU.Build.0 = Debug|Any CPU
		{BF3C7644-2079-4A1E-8EAD-B0E03D3FC6D6}.Release|Any CPU.ActiveCfg = Release|Any CPU
		{BF3C7644-2079-4A1E-8EAD-B0E03D3FC6D6}.Release|Any CPU.Build.0 = Release|Any CPU
	EndGlobalSection
	GlobalSection(SolutionProperties) = preSolution
		HideSolutionNode = FALSE
	EndGlobalSection
	GlobalSection(ExtensibilityGlobals) = postSolution
		SolutionGuid = {D516800D-4642-4918-897A-B0D26B5C6B3E}
	EndGlobalSection
EndGlobal
